
Microsoft Visual Studio Solution File, Format Version 12.00
# Visual Studio Version 16
VisualStudioVersion = 16.0.29728.190
MinimumVisualStudioVersion = 10.0.40219.1
Project("{FAE04EC0-301F-11D3-BF4B-00C04F79EFBC}") = "SpyroModManager", "SpyroModManager\SpyroModManager.csproj", "{9F80CF6E-3CE8-4525-A034-EB3D18AFECAF}"
EndProject
Global
	GlobalSection(SolutionConfigurationPlatforms) = preSolution
		Debug|Any CPU = Debug|Any CPU
		Release|Any CPU = Release|Any CPU
	EndGlobalSection
	GlobalSection(ProjectConfigurationPlatforms) = postSolution
		{9F80CF6E-3CE8-4525-A034-EB3D18AFECAF}.Debug|Any CPU.ActiveCfg = Debug|Any CPU
		{9F80CF6E-3CE8-4525-A034-EB3D18AFECAF}.Debug|Any CPU.Build.0 = Debug|Any CPU
		{9F80CF6E-3CE8-4525-A034-EB3D18AFECAF}.Release|Any CPU.ActiveCfg = Release|Any CPU
		{9F80CF6E-3CE8-4525-A034-EB3D18AFECAF}.Release|Any CPU.Build.0 = Release|Any CPU
	EndGlobalSection
	GlobalSection(SolutionProperties) = preSolution
		HideSolutionNode = FALSE
	EndGlobalSection
	GlobalSection(ExtensibilityGlobals) = postSolution
		SolutionGuid = {3C4FD9F6-D368-4763-88DB-5F475D24622F}
	EndGlobalSection
EndGlobal
